
Microsoft Visual Studio Solution File, Format Version 12.00
# Visual Studio Version 16
VisualStudioVersion = 16.0.29403.142
MinimumVisualStudioVersion = 10.0.40219.1
Project("{FAE04EC0-301F-11D3-BF4B-00C04F79EFBC}") = "TweetConsoleTemplate", "TweetConsoleTemplate\TweetConsoleTemplate.csproj", "{9DD010C4-1138-4D09-9457-F62310E55C45}"
EndProject
Project("{FAE04EC0-301F-11D3-BF4B-00C04F79EFBC}") = "VSIX", "VSIX\VSIX.csproj", "{0364E034-0E58-40CF-A7DE-AC01922160F8}"
EndProject
Global
	GlobalSection(SolutionConfigurationPlatforms) = preSolution
		Debug|Any CPU = Debug|Any CPU
		Release|Any CPU = Release|Any CPU
	EndGlobalSection
	GlobalSection(ProjectConfigurationPlatforms) = postSolution
		{9DD010C4-1138-4D09-9457-F62310E55C45}.Debug|Any CPU.ActiveCfg = Debug|Any CPU
		{9DD010C4-1138-4D09-9457-F62310E55C45}.Debug|Any CPU.Build.0 = Debug|Any CPU
		{9DD010C4-1138-4D09-9457-F62310E55C45}.Release|Any CPU.ActiveCfg = Release|Any CPU
		{9DD010C4-1138-4D09-9457-F62310E55C45}.Release|Any CPU.Build.0 = Release|Any CPU
		{0364E034-0E58-40CF-A7DE-AC01922160F8}.Debug|Any CPU.ActiveCfg = Debug|Any CPU
		{0364E034-0E58-40CF-A7DE-AC01922160F8}.Debug|Any CPU.Build.0 = Debug|Any CPU
		{0364E034-0E58-40CF-A7DE-AC01922160F8}.Release|Any CPU.ActiveCfg = Release|Any CPU
		{0364E034-0E58-40CF-A7DE-AC01922160F8}.Release|Any CPU.Build.0 = Release|Any CPU
	EndGlobalSection
	GlobalSection(SolutionProperties) = preSolution
		HideSolutionNode = FALSE
	EndGlobalSection
	GlobalSection(ExtensibilityGlobals) = postSolution
		SolutionGuid = {8725748A-9141-4601-9AD3-A0DC4E9DD5E9}
	EndGlobalSection
EndGlobal
